// !$*UTF8*$!
{
	archiveVersion = 1;
	classes = {
	};
	objectVersion = 56;
	objects = {

/* Begin PBXBuildFile section */
		1703287129ED8B96004B44E6 /* FitGoalsApp.swift in Sources */ = {isa = PBXBuildFile; fileRef = 1703287029ED8B96004B44E6 /* FitGoalsApp.swift */; };
		1703287329ED8B96004B44E6 /* ContentView.swift in Sources */ = {isa = PBXBuildFile; fileRef = 1703287229ED8B96004B44E6 /* ContentView.swift */; };
		1703287529ED8B99004B44E6 /* Assets.xcassets in Resources */ = {isa = PBXBuildFile; fileRef = 1703287429ED8B99004B44E6 /* Assets.xcassets */; };
		1703287829ED8B99004B44E6 /* Preview Assets.xcassets in Resources */ = {isa = PBXBuildFile; fileRef = 1703287729ED8B99004B44E6 /* Preview Assets.xcassets */; };
		1703288029EDA2F2004B44E6 /* WelcomeView.swift in Sources */ = {isa = PBXBuildFile; fileRef = 1703287F29EDA2F2004B44E6 /* WelcomeView.swift */; };
		1703288229EDA30B004B44E6 /* ExerciseView.swift in Sources */ = {isa = PBXBuildFile; fileRef = 1703288129EDA30B004B44E6 /* ExerciseView.swift */; };
		1703288529EDA32E004B44E6 /* Date+Extension.swift in Sources */ = {isa = PBXBuildFile; fileRef = 1703288429EDA32E004B44E6 /* Date+Extension.swift */; };
		1703288729EDA4CD004B44E6 /* Image+Extension.swift in Sources */ = {isa = PBXBuildFile; fileRef = 1703288629EDA4CD004B44E6 /* Image+Extension.swift */; };
		1703289229EDAE01004B44E6 /* HeaderView.swift in Sources */ = {isa = PBXBuildFile; fileRef = 1703289129EDAE01004B44E6 /* HeaderView.swift */; };
		1703289429EDC095004B44E6 /* RatingView.swift in Sources */ = {isa = PBXBuildFile; fileRef = 1703289329EDC095004B44E6 /* RatingView.swift */; };
		175C09A029F3F1DF00A197E8 /* SuccessView.swift in Sources */ = {isa = PBXBuildFile; fileRef = 175C099F29F3F1DF00A197E8 /* SuccessView.swift */; };
		175C09A329F3FA8A00A197E8 /* Exercise.swift in Sources */ = {isa = PBXBuildFile; fileRef = 175C09A229F3FA8A00A197E8 /* Exercise.swift */; };
		176CE27C29F572ED0062E6F8 /* HistoryStore.swift in Sources */ = {isa = PBXBuildFile; fileRef = 176CE27B29F572ED0062E6F8 /* HistoryStore.swift */; };
		176CE27E29F576B50062E6F8 /* ExerciseDay.swift in Sources */ = {isa = PBXBuildFile; fileRef = 176CE27D29F576B50062E6F8 /* ExerciseDay.swift */; };
		176CE28029F5828B0062E6F8 /* HistoryStoreMockData.swift in Sources */ = {isa = PBXBuildFile; fileRef = 176CE27F29F5828B0062E6F8 /* HistoryStoreMockData.swift */; };
		176CE28929F5A4780062E6F8 /* Localizable.strings in Resources */ = {isa = PBXBuildFile; fileRef = 176CE28729F5A4780062E6F8 /* Localizable.strings */; };
		176CE28B29F5A69E0062E6F8 /* squat.mp4 in Resources */ = {isa = PBXBuildFile; fileRef = 176CE28D29F5A69E0062E6F8 /* squat.mp4 */; };
		176CE28E29F5A6AC0062E6F8 /* burpee.mp4 in Resources */ = {isa = PBXBuildFile; fileRef = 176CE29029F5A6AC0062E6F8 /* burpee.mp4 */; };
		176CE29129F5A6B10062E6F8 /* step-up.mp4 in Resources */ = {isa = PBXBuildFile; fileRef = 176CE29329F5A6B10062E6F8 /* step-up.mp4 */; };
		176CE29429F5A6B80062E6F8 /* sun-salute.mp4 in Resources */ = {isa = PBXBuildFile; fileRef = 176CE29629F5A6B80062E6F8 /* sun-salute.mp4 */; };
		17E4FC9129F003EE00673B7A /* VideoPlayerView.swift in Sources */ = {isa = PBXBuildFile; fileRef = 17E4FC9029F003EE00673B7A /* VideoPlayerView.swift */; };
		17E4FC9329F00C9F00673B7A /* DateView.swift in Sources */ = {isa = PBXBuildFile; fileRef = 17E4FC9229F00C9F00673B7A /* DateView.swift */; };
		17E4FC9A29F0145F00673B7A /* HistoryView.swift in Sources */ = {isa = PBXBuildFile; fileRef = 17E4FC9929F0145F00673B7A /* HistoryView.swift */; };
/* End PBXBuildFile section */

/* Begin PBXFileReference section */
		1703286D29ED8B96004B44E6 /* FitGoals.app */ = {isa = PBXFileReference; explicitFileType = wrapper.application; includeInIndex = 0; path = FitGoals.app; sourceTree = BUILT_PRODUCTS_DIR; };
		1703287029ED8B96004B44E6 /* FitGoalsApp.swift */ = {isa = PBXFileReference; lastKnownFileType = sourcecode.swift; path = FitGoalsApp.swift; sourceTree = "<group>"; };
		1703287229ED8B96004B44E6 /* ContentView.swift */ = {isa = PBXFileReference; lastKnownFileType = sourcecode.swift; path = ContentView.swift; sourceTree = "<group>"; };
		1703287429ED8B99004B44E6 /* Assets.xcassets */ = {isa = PBXFileReference; lastKnownFileType = folder.assetcatalog; path = Assets.xcassets; sourceTree = "<group>"; };
		1703287729ED8B99004B44E6 /* Preview Assets.xcassets */ = {isa = PBXFileReference; lastKnownFileType = folder.assetcatalog; path = "Preview Assets.xcassets"; sourceTree = "<group>"; };
		1703287F29EDA2F2004B44E6 /* WelcomeView.swift */ = {isa = PBXFileReference; lastKnownFileType = sourcecode.swift; path = WelcomeView.swift; sourceTree = "<group>"; };
		1703288129EDA30B004B44E6 /* ExerciseView.swift */ = {isa = PBXFileReference; lastKnownFileType = sourcecode.swift; path = ExerciseView.swift; sourceTree = "<group>"; };
		1703288429EDA32E004B44E6 /* Date+Extension.swift */ = {isa = PBXFileReference; lastKnownFileType = sourcecode.swift; path = "Date+Extension.swift"; sourceTree = "<group>"; };
		1703288629EDA4CD004B44E6 /* Image+Extension.swift */ = {isa = PBXFileReference; lastKnownFileType = sourcecode.swift; path = "Image+Extension.swift"; sourceTree = "<group>"; };
		1703289129EDAE01004B44E6 /* HeaderView.swift */ = {isa = PBXFileReference; lastKnownFileType = sourcecode.swift; path = HeaderView.swift; sourceTree = "<group>"; };
		1703289329EDC095004B44E6 /* RatingView.swift */ = {isa = PBXFileReference; lastKnownFileType = sourcecode.swift; path = RatingView.swift; sourceTree = "<group>"; };
		175C099F29F3F1DF00A197E8 /* SuccessView.swift */ = {isa = PBXFileReference; lastKnownFileType = sourcecode.swift; path = SuccessView.swift; sourceTree = "<group>"; };
		175C09A229F3FA8A00A197E8 /* Exercise.swift */ = {isa = PBXFileReference; lastKnownFileType = sourcecode.swift; path = Exercise.swift; sourceTree = "<group>"; };
		176CE27B29F572ED0062E6F8 /* HistoryStore.swift */ = {isa = PBXFileReference; lastKnownFileType = sourcecode.swift; path = HistoryStore.swift; sourceTree = "<group>"; };
		176CE27D29F576B50062E6F8 /* ExerciseDay.swift */ = {isa = PBXFileReference; lastKnownFileType = sourcecode.swift; path = ExerciseDay.swift; sourceTree = "<group>"; };
		176CE27F29F5828B0062E6F8 /* HistoryStoreMockData.swift */ = {isa = PBXFileReference; lastKnownFileType = sourcecode.swift; path = HistoryStoreMockData.swift; sourceTree = "<group>"; };
		176CE28829F5A4780062E6F8 /* en */ = {isa = PBXFileReference; lastKnownFileType = text.plist.strings; name = en; path = en.lproj/Localizable.strings; sourceTree = "<group>"; };
		176CE28A29F5A4C90062E6F8 /* it */ = {isa = PBXFileReference; lastKnownFileType = text.plist.strings; name = it; path = it.lproj/Localizable.strings; sourceTree = "<group>"; };
		176CE28C29F5A69E0062E6F8 /* Base */ = {isa = PBXFileReference; lastKnownFileType = file; name = Base; path = Base.lproj/squat.mp4; sourceTree = "<group>"; };
		176CE28F29F5A6AC0062E6F8 /* Base */ = {isa = PBXFileReference; lastKnownFileType = file; name = Base; path = Base.lproj/burpee.mp4; sourceTree = "<group>"; };
		176CE29229F5A6B10062E6F8 /* Base */ = {isa = PBXFileReference; lastKnownFileType = file; name = Base; path = "Base.lproj/step-up.mp4"; sourceTree = "<group>"; };
		176CE29529F5A6B80062E6F8 /* Base */ = {isa = PBXFileReference; lastKnownFileType = file; name = Base; path = "Base.lproj/sun-salute.mp4"; sourceTree = "<group>"; };
		17E4FC9029F003EE00673B7A /* VideoPlayerView.swift */ = {isa = PBXFileReference; lastKnownFileType = sourcecode.swift; path = VideoPlayerView.swift; sourceTree = "<group>"; };
		17E4FC9229F00C9F00673B7A /* DateView.swift */ = {isa = PBXFileReference; lastKnownFileType = sourcecode.swift; path = DateView.swift; sourceTree = "<group>"; };
		17E4FC9929F0145F00673B7A /* HistoryView.swift */ = {isa = PBXFileReference; lastKnownFileType = sourcecode.swift; path = HistoryView.swift; sourceTree = "<group>"; };
/* End PBXFileReference section */

/* Begin PBXFrameworksBuildPhase section */
		1703286A29ED8B96004B44E6 /* Frameworks */ = {
			isa = PBXFrameworksBuildPhase;
			buildActionMask = 2147483647;
			files = (
			);
			runOnlyForDeploymentPostprocessing = 0;
		};
/* End PBXFrameworksBuildPhase section */

/* Begin PBXGroup section */
		1703286429ED8B96004B44E6 = {
			isa = PBXGroup;
			children = (
				1703286F29ED8B96004B44E6 /* FitGoals */,
				1703286E29ED8B96004B44E6 /* Products */,
			);
			sourceTree = "<group>";
		};
		1703286E29ED8B96004B44E6 /* Products */ = {
			isa = PBXGroup;
			children = (
				1703286D29ED8B96004B44E6 /* FitGoals.app */,
			);
			name = Products;
			sourceTree = "<group>";
		};
		1703286F29ED8B96004B44E6 /* FitGoals */ = {
			isa = PBXGroup;
			children = (
				176CE28729F5A4780062E6F8 /* Localizable.strings */,
				1703288329EDA318004B44E6 /* Extensions */,
				175C09A129F3FA6D00A197E8 /* Models */,
				176CE28129F58F8B0062E6F8 /* Resources */,
				1703288829EDA503004B44E6 /* Videos */,
				1703287E29ED9EDB004B44E6 /* Views */,
				1703287029ED8B96004B44E6 /* FitGoalsApp.swift */,
				1703287629ED8B99004B44E6 /* Preview Content */,
			);
			path = FitGoals;
			sourceTree = "<group>";
		};
		1703287629ED8B99004B44E6 /* Preview Content */ = {
			isa = PBXGroup;
			children = (
				1703287729ED8B99004B44E6 /* Preview Assets.xcassets */,
				176CE27F29F5828B0062E6F8 /* HistoryStoreMockData.swift */,
			);
			path = "Preview Content";
			sourceTree = "<group>";
		};
		1703287E29ED9EDB004B44E6 /* Views */ = {
			isa = PBXGroup;
			children = (
				1703287229ED8B96004B44E6 /* ContentView.swift */,
				1703287F29EDA2F2004B44E6 /* WelcomeView.swift */,
				1703288129EDA30B004B44E6 /* ExerciseView.swift */,
				1703289129EDAE01004B44E6 /* HeaderView.swift */,
				1703289329EDC095004B44E6 /* RatingView.swift */,
				17E4FC9029F003EE00673B7A /* VideoPlayerView.swift */,
				17E4FC9229F00C9F00673B7A /* DateView.swift */,
				17E4FC9929F0145F00673B7A /* HistoryView.swift */,
				175C099F29F3F1DF00A197E8 /* SuccessView.swift */,
			);
			path = Views;
			sourceTree = "<group>";
		};
		1703288329EDA318004B44E6 /* Extensions */ = {
			isa = PBXGroup;
			children = (
				1703288429EDA32E004B44E6 /* Date+Extension.swift */,
				1703288629EDA4CD004B44E6 /* Image+Extension.swift */,
			);
			path = Extensions;
			sourceTree = "<group>";
		};
		1703288829EDA503004B44E6 /* Videos */ = {
			isa = PBXGroup;
			children = (
				176CE29029F5A6AC0062E6F8 /* burpee.mp4 */,
				176CE28D29F5A69E0062E6F8 /* squat.mp4 */,
				176CE29329F5A6B10062E6F8 /* step-up.mp4 */,
				176CE29629F5A6B80062E6F8 /* sun-salute.mp4 */,
			);
			path = Videos;
			sourceTree = "<group>";
		};
		175C09A129F3FA6D00A197E8 /* Models */ = {
			isa = PBXGroup;
			children = (
				175C09A229F3FA8A00A197E8 /* Exercise.swift */,
				176CE27D29F576B50062E6F8 /* ExerciseDay.swift */,
				176CE27B29F572ED0062E6F8 /* HistoryStore.swift */,
			);
			path = Models;
			sourceTree = "<group>";
		};
		176CE28129F58F8B0062E6F8 /* Resources */ = {
			isa = PBXGroup;
			children = (
				1703287429ED8B99004B44E6 /* Assets.xcassets */,
			);
			path = Resources;
			sourceTree = "<group>";
		};
/* End PBXGroup section */

/* Begin PBXNativeTarget section */
		1703286C29ED8B96004B44E6 /* FitGoals */ = {
			isa = PBXNativeTarget;
			buildConfigurationList = 1703287B29ED8B99004B44E6 /* Build configuration list for PBXNativeTarget "FitGoals" */;
			buildPhases = (
				1703286929ED8B96004B44E6 /* Sources */,
				1703286A29ED8B96004B44E6 /* Frameworks */,
				1703286B29ED8B96004B44E6 /* Resources */,
			);
			buildRules = (
			);
			dependencies = (
			);
			name = FitGoals;
			productName = FitGoals;
			productReference = 1703286D29ED8B96004B44E6 /* FitGoals.app */;
			productType = "com.apple.product-type.application";
		};
/* End PBXNativeTarget section */

/* Begin PBXProject section */
		1703286529ED8B96004B44E6 /* Project object */ = {
			isa = PBXProject;
			attributes = {
				BuildIndependentTargetsInParallel = 1;
				LastSwiftUpdateCheck = 1420;
				LastUpgradeCheck = 1420;
				TargetAttributes = {
					1703286C29ED8B96004B44E6 = {
						CreatedOnToolsVersion = 14.2;
					};
				};
			};
			buildConfigurationList = 1703286829ED8B96004B44E6 /* Build configuration list for PBXProject "FitGoals" */;
			compatibilityVersion = "Xcode 14.0";
			developmentRegion = en;
			hasScannedForEncodings = 0;
			knownRegions = (
				en,
				Base,
				it,
			);
			mainGroup = 1703286429ED8B96004B44E6;
			productRefGroup = 1703286E29ED8B96004B44E6 /* Products */;
			projectDirPath = "";
			projectRoot = "";
			targets = (
				1703286C29ED8B96004B44E6 /* FitGoals */,
			);
		};
/* End PBXProject section */

/* Begin PBXResourcesBuildPhase section */
		1703286B29ED8B96004B44E6 /* Resources */ = {
			isa = PBXResourcesBuildPhase;
			buildActionMask = 2147483647;
			files = (
				176CE29129F5A6B10062E6F8 /* step-up.mp4 in Resources */,
				1703287829ED8B99004B44E6 /* Preview Assets.xcassets in Resources */,
				176CE28E29F5A6AC0062E6F8 /* burpee.mp4 in Resources */,
				176CE29429F5A6B80062E6F8 /* sun-salute.mp4 in Resources */,
				176CE28929F5A4780062E6F8 /* Localizable.strings in Resources */,
				176CE28B29F5A69E0062E6F8 /* squat.mp4 in Resources */,
				1703287529ED8B99004B44E6 /* Assets.xcassets in Resources */,
			);
			runOnlyForDeploymentPostprocessing = 0;
		};
/* End PBXResourcesBuildPhase section */

/* Begin PBXSourcesBuildPhase section */
		1703286929ED8B96004B44E6 /* Sources */ = {
			isa = PBXSourcesBuildPhase;
			buildActionMask = 2147483647;
			files = (
				17E4FC9329F00C9F00673B7A /* DateView.swift in Sources */,
				1703288529EDA32E004B44E6 /* Date+Extension.swift in Sources */,
				176CE28029F5828B0062E6F8 /* HistoryStoreMockData.swift in Sources */,
				176CE27E29F576B50062E6F8 /* ExerciseDay.swift in Sources */,
				17E4FC9A29F0145F00673B7A /* HistoryView.swift in Sources */,
				175C09A329F3FA8A00A197E8 /* Exercise.swift in Sources */,
				1703288229EDA30B004B44E6 /* ExerciseView.swift in Sources */,
				175C09A029F3F1DF00A197E8 /* SuccessView.swift in Sources */,
				1703287329ED8B96004B44E6 /* ContentView.swift in Sources */,
				1703289429EDC095004B44E6 /* RatingView.swift in Sources */,
				1703288029EDA2F2004B44E6 /* WelcomeView.swift in Sources */,
				1703287129ED8B96004B44E6 /* FitGoalsApp.swift in Sources */,
				176CE27C29F572ED0062E6F8 /* HistoryStore.swift in Sources */,
				1703288729EDA4CD004B44E6 /* Image+Extension.swift in Sources */,
				1703289229EDAE01004B44E6 /* HeaderView.swift in Sources */,
				17E4FC9129F003EE00673B7A /* VideoPlayerView.swift in Sources */,
			);
			runOnlyForDeploymentPostprocessing = 0;
		};
/* End PBXSourcesBuildPhase section */

/* Begin PBXVariantGroup section */
		176CE28729F5A4780062E6F8 /* Localizable.strings */ = {
			isa = PBXVariantGroup;
			children = (
				176CE28829F5A4780062E6F8 /* en */,
				176CE28A29F5A4C90062E6F8 /* it */,
			);
			name = Localizable.strings;
			sourceTree = "<group>";
		};
		176CE28D29F5A69E0062E6F8 /* squat.mp4 */ = {
			isa = PBXVariantGroup;
			children = (
				176CE28C29F5A69E0062E6F8 /* Base */,
			);
			name = squat.mp4;
			sourceTree = "<group>";
		};
		176CE29029F5A6AC0062E6F8 /* burpee.mp4 */ = {
			isa = PBXVariantGroup;
			children = (
				176CE28F29F5A6AC0062E6F8 /* Base */,
			);
			name = burpee.mp4;
			sourceTree = "<group>";
		};
		176CE29329F5A6B10062E6F8 /* step-up.mp4 */ = {
			isa = PBXVariantGroup;
			children = (
				176CE29229F5A6B10062E6F8 /* Base */,
			);
			name = "step-up.mp4";
			sourceTree = "<group>";
		};
		176CE29629F5A6B80062E6F8 /* sun-salute.mp4 */ = {
			isa = PBXVariantGroup;
			children = (
				176CE29529F5A6B80062E6F8 /* Base */,
			);
			name = "sun-salute.mp4";
			sourceTree = "<group>";
		};
/* End PBXVariantGroup section */

/* Begin XCBuildConfiguration section */
		1703287929ED8B99004B44E6 /* Debug */ = {
			isa = XCBuildConfiguration;
			buildSettings = {
				ALWAYS_SEARCH_USER_PATHS = NO;
				CLANG_ANALYZER_LOCALIZABILITY_NONLOCALIZED = YES;
				CLANG_ANALYZER_NONNULL = YES;
				CLANG_ANALYZER_NUMBER_OBJECT_CONVERSION = YES_AGGRESSIVE;
				CLANG_CXX_LANGUAGE_STANDARD = "gnu++20";
				CLANG_ENABLE_MODULES = YES;
				CLANG_ENABLE_OBJC_ARC = YES;
				CLANG_ENABLE_OBJC_WEAK = YES;
				CLANG_WARN_BLOCK_CAPTURE_AUTORELEASING = YES;
				CLANG_WARN_BOOL_CONVERSION = YES;
				CLANG_WARN_COMMA = YES;
				CLANG_WARN_CONSTANT_CONVERSION = YES;
				CLANG_WARN_DEPRECATED_OBJC_IMPLEMENTATIONS = YES;
				CLANG_WARN_DIRECT_OBJC_ISA_USAGE = YES_ERROR;
				CLANG_WARN_DOCUMENTATION_COMMENTS = YES;
				CLANG_WARN_EMPTY_BODY = YES;
				CLANG_WARN_ENUM_CONVERSION = YES;
				CLANG_WARN_INFINITE_RECURSION = YES;
				CLANG_WARN_INT_CONVERSION = YES;
				CLANG_WARN_NON_LITERAL_NULL_CONVERSION = YES;
				CLANG_WARN_OBJC_IMPLICIT_RETAIN_SELF = YES;
				CLANG_WARN_OBJC_LITERAL_CONVERSION = YES;
				CLANG_WARN_OBJC_ROOT_CLASS = YES_ERROR;
				CLANG_WARN_QUOTED_INCLUDE_IN_FRAMEWORK_HEADER = YES;
				CLANG_WARN_RANGE_LOOP_ANALYSIS = YES;
				CLANG_WARN_STRICT_PROTOTYPES = YES;
				CLANG_WARN_SUSPICIOUS_MOVE = YES;
				CLANG_WARN_UNGUARDED_AVAILABILITY = YES_AGGRESSIVE;
				CLANG_WARN_UNREACHABLE_CODE = YES;
				CLANG_WARN__DUPLICATE_METHOD_MATCH = YES;
				COPY_PHASE_STRIP = NO;
				DEBUG_INFORMATION_FORMAT = dwarf;
				ENABLE_STRICT_OBJC_MSGSEND = YES;
				ENABLE_TESTABILITY = YES;
				GCC_C_LANGUAGE_STANDARD = gnu11;
				GCC_DYNAMIC_NO_PIC = NO;
				GCC_NO_COMMON_BLOCKS = YES;
				GCC_OPTIMIZATION_LEVEL = 0;
				GCC_PREPROCESSOR_DEFINITIONS = (
					"DEBUG=1",
					"$(inherited)",
				);
				GCC_WARN_64_TO_32_BIT_CONVERSION = YES;
				GCC_WARN_ABOUT_RETURN_TYPE = YES_ERROR;
				GCC_WARN_UNDECLARED_SELECTOR = YES;
				GCC_WARN_UNINITIALIZED_AUTOS = YES_AGGRESSIVE;
				GCC_WARN_UNUSED_FUNCTION = YES;
				GCC_WARN_UNUSED_VARIABLE = YES;
				IPHONEOS_DEPLOYMENT_TARGET = 16.2;
				MTL_ENABLE_DEBUG_INFO = INCLUDE_SOURCE;
				MTL_FAST_MATH = YES;
				ONLY_ACTIVE_ARCH = YES;
				SDKROOT = iphoneos;
				SWIFT_ACTIVE_COMPILATION_CONDITIONS = DEBUG;
				SWIFT_OPTIMIZATION_LEVEL = "-Onone";
			};
			name = Debug;
		};
		1703287A29ED8B99004B44E6 /* Release */ = {
			isa = XCBuildConfiguration;
			buildSettings = {
				ALWAYS_SEARCH_USER_PATHS = NO;
				CLANG_ANALYZER_LOCALIZABILITY_NONLOCALIZED = YES;
				CLANG_ANALYZER_NONNULL = YES;
				CLANG_ANALYZER_NUMBER_OBJECT_CONVERSION = YES_AGGRESSIVE;
				CLANG_CXX_LANGUAGE_STANDARD = "gnu++20";
				CLANG_ENABLE_MODULES = YES;
				CLANG_ENABLE_OBJC_ARC = YES;
				CLANG_ENABLE_OBJC_WEAK = YES;
				CLANG_WARN_BLOCK_CAPTURE_AUTORELEASING = YES;
				CLANG_WARN_BOOL_CONVERSION = YES;
				CLANG_WARN_COMMA = YES;
				CLANG_WARN_CONSTANT_CONVERSION = YES;
				CLANG_WARN_DEPRECATED_OBJC_IMPLEMENTATIONS = YES;
				CLANG_WARN_DIRECT_OBJC_ISA_USAGE = YES_ERROR;
				CLANG_WARN_DOCUMENTATION_COMMENTS = YES;
				CLANG_WARN_EMPTY_BODY = YES;
				CLANG_WARN_ENUM_CONVERSION = YES;
				CLANG_WARN_INFINITE_RECURSION = YES;
				CLANG_WARN_INT_CONVERSION = YES;
				CLANG_WARN_NON_LITERAL_NULL_CONVERSION = YES;
				CLANG_WARN_OBJC_IMPLICIT_RETAIN_SELF = YES;
				CLANG_WARN_OBJC_LITERAL_CONVERSION = YES;
				CLANG_WARN_OBJC_ROOT_CLASS = YES_ERROR;
				CLANG_WARN_QUOTED_INCLUDE_IN_FRAMEWORK_HEADER = YES;
				CLANG_WARN_RANGE_LOOP_ANALYSIS = YES;
				CLANG_WARN_STRICT_PROTOTYPES = YES;
				CLANG_WARN_SUSPICIOUS_MOVE = YES;
				CLANG_WARN_UNGUARDED_AVAILABILITY = YES_AGGRESSIVE;
				CLANG_WARN_UNREACHABLE_CODE = YES;
				CLANG_WARN__DUPLICATE_METHOD_MATCH = YES;
				COPY_PHASE_STRIP = NO;
				DEBUG_INFORMATION_FORMAT = "dwarf-with-dsym";
				ENABLE_NS_ASSERTIONS = NO;
				ENABLE_STRICT_OBJC_MSGSEND = YES;
				GCC_C_LANGUAGE_STANDARD = gnu11;
				GCC_NO_COMMON_BLOCKS = YES;
				GCC_WARN_64_TO_32_BIT_CONVERSION = YES;
				GCC_WARN_ABOUT_RETURN_TYPE = YES_ERROR;
				GCC_WARN_UNDECLARED_SELECTOR = YES;
				GCC_WARN_UNINITIALIZED_AUTOS = YES_AGGRESSIVE;
				GCC_WARN_UNUSED_FUNCTION = YES;
				GCC_WARN_UNUSED_VARIABLE = YES;
				IPHONEOS_DEPLOYMENT_TARGET = 16.2;
				MTL_ENABLE_DEBUG_INFO = NO;
				MTL_FAST_MATH = YES;
				SDKROOT = iphoneos;
				SWIFT_COMPILATION_MODE = wholemodule;
				SWIFT_OPTIMIZATION_LEVEL = "-O";
				VALIDATE_PRODUCT = YES;
			};
			name = Release;
		};
		1703287C29ED8B99004B44E6 /* Debug */ = {
			isa = XCBuildConfiguration;
			buildSettings = {
				ASSETCATALOG_COMPILER_APPICON_NAME = AppIcon;
				ASSETCATALOG_COMPILER_GLOBAL_ACCENT_COLOR_NAME = AccentColor;
				CODE_SIGN_STYLE = Automatic;
				CURRENT_PROJECT_VERSION = 1;
				DEVELOPMENT_ASSET_PATHS = "\"FitGoals/Preview Content\"";
				DEVELOPMENT_TEAM = 7X48R5E6LJ;
				ENABLE_PREVIEWS = YES;
				GENERATE_INFOPLIST_FILE = YES;
				INFOPLIST_KEY_UIApplicationSceneManifest_Generation = YES;
				INFOPLIST_KEY_UIApplicationSupportsIndirectInputEvents = YES;
				INFOPLIST_KEY_UILaunchScreen_Generation = YES;
				INFOPLIST_KEY_UISupportedInterfaceOrientations_iPad = "UIInterfaceOrientationPortrait UIInterfaceOrientationPortraitUpsideDown UIInterfaceOrientationLandscapeLeft UIInterfaceOrientationLandscapeRight";
				INFOPLIST_KEY_UISupportedInterfaceOrientations_iPhone = "UIInterfaceOrientationPortrait UIInterfaceOrientationLandscapeLeft UIInterfaceOrientationLandscapeRight";
				LD_RUNPATH_SEARCH_PATHS = (
					"$(inherited)",
					"@executable_path/Frameworks",
				);
				MARKETING_VERSION = 1.0;
				PRODUCT_BUNDLE_IDENTIFIER = com.napps.FitGoals;
				PRODUCT_NAME = "$(TARGET_NAME)";
				SWIFT_EMIT_LOC_STRINGS = YES;
				SWIFT_VERSION = 5.0;
				TARGETED_DEVICE_FAMILY = "1,2";
			};
			name = Debug;
		};
		1703287D29ED8B99004B44E6 /* Release */ = {
			isa = XCBuildConfiguration;
			buildSettings = {
				ASSETCATALOG_COMPILER_APPICON_NAME = AppIcon;
				ASSETCATALOG_COMPILER_GLOBAL_ACCENT_COLOR_NAME = AccentColor;
				CODE_SIGN_STYLE = Automatic;
				CURRENT_PROJECT_VERSION = 1;
				DEVELOPMENT_ASSET_PATHS = "\"FitGoals/Preview Content\"";
				DEVELOPMENT_TEAM = 7X48R5E6LJ;
				ENABLE_PREVIEWS = YES;
				GENERATE_INFOPLIST_FILE = YES;
				INFOPLIST_KEY_UIApplicationSceneManifest_Generation = YES;
				INFOPLIST_KEY_UIApplicationSupportsIndirectInputEvents = YES;
				INFOPLIST_KEY_UILaunchScreen_Generation = YES;
				INFOPLIST_KEY_UISupportedInterfaceOrientations_iPad = "UIInterfaceOrientationPortrait UIInterfaceOrientationPortraitUpsideDown UIInterfaceOrientationLandscapeLeft UIInterfaceOrientationLandscapeRight";
				INFOPLIST_KEY_UISupportedInterfaceOrientations_iPhone = "UIInterfaceOrientationPortrait UIInterfaceOrientationLandscapeLeft UIInterfaceOrientationLandscapeRight";
				LD_RUNPATH_SEARCH_PATHS = (
					"$(inherited)",
					"@executable_path/Frameworks",
				);
				MARKETING_VERSION = 1.0;
				PRODUCT_BUNDLE_IDENTIFIER = com.napps.FitGoals;
				PRODUCT_NAME = "$(TARGET_NAME)";
				SWIFT_EMIT_LOC_STRINGS = YES;
				SWIFT_VERSION = 5.0;
				TARGETED_DEVICE_FAMILY = "1,2";
			};
			name = Release;
		};
/* End XCBuildConfiguration section */

/* Begin XCConfigurationList section */
		1703286829ED8B96004B44E6 /* Build configuration list for PBXProject "FitGoals" */ = {
			isa = XCConfigurationList;
			buildConfigurations = (
				1703287929ED8B99004B44E6 /* Debug */,
				1703287A29ED8B99004B44E6 /* Release */,
			);
			defaultConfigurationIsVisible = 0;
			defaultConfigurationName = Release;
		};
		1703287B29ED8B99004B44E6 /* Build configuration list for PBXNativeTarget "FitGoals" */ = {
			isa = XCConfigurationList;
			buildConfigurations = (
				1703287C29ED8B99004B44E6 /* Debug */,
				1703287D29ED8B99004B44E6 /* Release */,
			);
			defaultConfigurationIsVisible = 0;
			defaultConfigurationName = Release;
		};
/* End XCConfigurationList section */
	};
	rootObject = 1703286529ED8B96004B44E6 /* Project object */;
}
